
Microsoft Visual Studio Solution File, Format Version 12.00
# Visual Studio Version 16
VisualStudioVersion = 16.0.31624.102
MinimumVisualStudioVersion = 10.0.40219.1
Project("{9A19103F-16F7-4668-BE54-9A1E7A4F7556}") = "HRMSPROJECT", "HRMSPROJECT.csproj", "{B7105A55-76D7-465A-BB08-B814DE8A6B4E}"
EndProject
Project("{9A19103F-16F7-4668-BE54-9A1E7A4F7556}") = "HRMSAPI", "..\HRMSAPI\HRMSAPI.csproj", "{6CA44232-41FE-48A5-B76F-0DC6C472E4FB}"
EndProject
Project("{9A19103F-16F7-4668-BE54-9A1E7A4F7556}") = "HRMSModule", "..\HRMSModule\HRMSModule.csproj", "{9DA5AB81-F161-4D94-B435-CCC2BC06A6FC}"
EndProject
Project("{FAE04EC0-301F-11D3-BF4B-00C04F79EFBC}") = "HRMSDeptModule", "..\HRMSDeptModule\HRMSDeptModule.csproj", "{32EFFFDB-3428-4687-9031-7E6B629A23EE}"
EndProject
Global
	GlobalSection(SolutionConfigurationPlatforms) = preSolution
		Debug|Any CPU = Debug|Any CPU
		Release|Any CPU = Release|Any CPU
	EndGlobalSection
	GlobalSection(ProjectConfigurationPlatforms) = postSolution
		{B7105A55-76D7-465A-BB08-B814DE8A6B4E}.Debug|Any CPU.ActiveCfg = Debug|Any CPU
		{B7105A55-76D7-465A-BB08-B814DE8A6B4E}.Debug|Any CPU.Build.0 = Debug|Any CPU
		{B7105A55-76D7-465A-BB08-B814DE8A6B4E}.Release|Any CPU.ActiveCfg = Release|Any CPU
		{B7105A55-76D7-465A-BB08-B814DE8A6B4E}.Release|Any CPU.Build.0 = Release|Any CPU
		{6CA44232-41FE-48A5-B76F-0DC6C472E4FB}.Debug|Any CPU.ActiveCfg = Debug|Any CPU
		{6CA44232-41FE-48A5-B76F-0DC6C472E4FB}.Debug|Any CPU.Build.0 = Debug|Any CPU
		{6CA44232-41FE-48A5-B76F-0DC6C472E4FB}.Release|Any CPU.ActiveCfg = Release|Any CPU
		{6CA44232-41FE-48A5-B76F-0DC6C472E4FB}.Release|Any CPU.Build.0 = Release|Any CPU
		{9DA5AB81-F161-4D94-B435-CCC2BC06A6FC}.Debug|Any CPU.ActiveCfg = Debug|Any CPU
		{9DA5AB81-F161-4D94-B435-CCC2BC06A6FC}.Debug|Any CPU.Build.0 = Debug|Any CPU
		{9DA5AB81-F161-4D94-B435-CCC2BC06A6FC}.Release|Any CPU.ActiveCfg = Release|Any CPU
		{9DA5AB81-F161-4D94-B435-CCC2BC06A6FC}.Release|Any CPU.Build.0 = Release|Any CPU
		{32EFFFDB-3428-4687-9031-7E6B629A23EE}.Debug|Any CPU.ActiveCfg = Debug|Any CPU
		{32EFFFDB-3428-4687-9031-7E6B629A23EE}.Debug|Any CPU.Build.0 = Debug|Any CPU
		{32EFFFDB-3428-4687-9031-7E6B629A23EE}.Release|Any CPU.ActiveCfg = Release|Any CPU
		{32EFFFDB-3428-4687-9031-7E6B629A23EE}.Release|Any CPU.Build.0 = Release|Any CPU
	EndGlobalSection
	GlobalSection(SolutionProperties) = preSolution
		HideSolutionNode = FALSE
	EndGlobalSection
	GlobalSection(ExtensibilityGlobals) = postSolution
		SolutionGuid = {A29F8223-A183-463A-A761-A04E3590CAA4}
	EndGlobalSection
EndGlobal
